
Microsoft Visual Studio Solution File, Format Version 12.00
# Visual Studio Version 17
VisualStudioVersion = 17.7.34031.279
MinimumVisualStudioVersion = 10.0.40219.1
Project("{FAE04EC0-301F-11D3-BF4B-00C04F79EFBC}") = "Trials", "Trials\Trials.csproj", "{DF6B7989-949A-4657-80AF-A8BF98545245}"
EndProject
Global
	GlobalSection(SolutionConfigurationPlatforms) = preSolution
		Debug|Any CPU = Debug|Any CPU
		Release|Any CPU = Release|Any CPU
	EndGlobalSection
	GlobalSection(ProjectConfigurationPlatforms) = postSolution
		{DF6B7989-949A-4657-80AF-A8BF98545245}.Debug|Any CPU.ActiveCfg = Debug|Any CPU
		{DF6B7989-949A-4657-80AF-A8BF98545245}.Debug|Any CPU.Build.0 = Debug|Any CPU
		{DF6B7989-949A-4657-80AF-A8BF98545245}.Release|Any CPU.ActiveCfg = Release|Any CPU
		{DF6B7989-949A-4657-80AF-A8BF98545245}.Release|Any CPU.Build.0 = Release|Any CPU
	EndGlobalSection
	GlobalSection(SolutionProperties) = preSolution
		HideSolutionNode = FALSE
	EndGlobalSection
	GlobalSection(ExtensibilityGlobals) = postSolution
		SolutionGuid = {0EA26B42-5193-46AD-BC5C-6FEB88AAC2E6}
	EndGlobalSection
EndGlobal
